// !$*UTF8*$!
{
	archiveVersion = 1;
	classes = {
	};
	objectVersion = 50;
	objects = {

/* Begin PBXBuildFile section */
		8694A07D21878A1B00615BE3 /* Alamofire.framework in Frameworks */ = {isa = PBXBuildFile; fileRef = 86F138DB21877F89004C6092 /* Alamofire.framework */; };
		86D5C7442187897000D5E15E /* Alamofire.framework in Embed Frameworks */ = {isa = PBXBuildFile; fileRef = 86F138DB21877F89004C6092 /* Alamofire.framework */; settings = {ATTRIBUTES = (CodeSignOnCopy, RemoveHeadersOnCopy, ); }; };
		86F138AA218768C2004C6092 /* AppDelegate.swift in Sources */ = {isa = PBXBuildFile; fileRef = 86F138A9218768C2004C6092 /* AppDelegate.swift */; };
		86F138AC218768C2004C6092 /* ViewController.swift in Sources */ = {isa = PBXBuildFile; fileRef = 86F138AB218768C2004C6092 /* ViewController.swift */; };
		86F138AF218768C2004C6092 /* Main.storyboard in Resources */ = {isa = PBXBuildFile; fileRef = 86F138AD218768C2004C6092 /* Main.storyboard */; };
		86F138B1218768C4004C6092 /* Assets.xcassets in Resources */ = {isa = PBXBuildFile; fileRef = 86F138B0218768C4004C6092 /* Assets.xcassets */; };
		86F138B4218768C4004C6092 /* LaunchScreen.storyboard in Resources */ = {isa = PBXBuildFile; fileRef = 86F138B2218768C4004C6092 /* LaunchScreen.storyboard */; };
		86F138BF218768C4004C6092 /* ToneTests.swift in Sources */ = {isa = PBXBuildFile; fileRef = 86F138BE218768C4004C6092 /* ToneTests.swift */; };
		86F138CA218768C4004C6092 /* ToneUITests.swift in Sources */ = {isa = PBXBuildFile; fileRef = 86F138C9218768C4004C6092 /* ToneUITests.swift */; };
		86F138DE21877F89004C6092 /* RxBlocking.framework in Frameworks */ = {isa = PBXBuildFile; fileRef = 86F138D821877F89004C6092 /* RxBlocking.framework */; };
		86F138E521878804004C6092 /* RxAlamofire.framework in Frameworks */ = {isa = PBXBuildFile; fileRef = 86F138DC21877F89004C6092 /* RxAlamofire.framework */; };
		86F138E621878804004C6092 /* RxAlamofire.framework in Embed Frameworks */ = {isa = PBXBuildFile; fileRef = 86F138DC21877F89004C6092 /* RxAlamofire.framework */; settings = {ATTRIBUTES = (CodeSignOnCopy, RemoveHeadersOnCopy, ); }; };
		86F138E921878823004C6092 /* RxBlocking.framework in Embed Frameworks */ = {isa = PBXBuildFile; fileRef = 86F138D821877F89004C6092 /* RxBlocking.framework */; settings = {ATTRIBUTES = (CodeSignOnCopy, RemoveHeadersOnCopy, ); }; };
		86F138EA2187884F004C6092 /* RxCocoa.framework in Frameworks */ = {isa = PBXBuildFile; fileRef = 86F138D921877F89004C6092 /* RxCocoa.framework */; };
		86F138EB2187884F004C6092 /* RxCocoa.framework in Embed Frameworks */ = {isa = PBXBuildFile; fileRef = 86F138D921877F89004C6092 /* RxCocoa.framework */; settings = {ATTRIBUTES = (CodeSignOnCopy, RemoveHeadersOnCopy, ); }; };
		86F138EC21878876004C6092 /* RxSwift.framework in Frameworks */ = {isa = PBXBuildFile; fileRef = 86F138DA21877F89004C6092 /* RxSwift.framework */; };
		86F138ED21878876004C6092 /* RxSwift.framework in Embed Frameworks */ = {isa = PBXBuildFile; fileRef = 86F138DA21877F89004C6092 /* RxSwift.framework */; settings = {ATTRIBUTES = (CodeSignOnCopy, RemoveHeadersOnCopy, ); }; };
/* End PBXBuildFile section */

/* Begin PBXContainerItemProxy section */
		86F138BB218768C4004C6092 /* PBXContainerItemProxy */ = {
			isa = PBXContainerItemProxy;
			containerPortal = 86F1389E218768C2004C6092 /* Project object */;
			proxyType = 1;
			remoteGlobalIDString = 86F138A5218768C2004C6092;
			remoteInfo = Tone;
		};
		86F138C6218768C4004C6092 /* PBXContainerItemProxy */ = {
			isa = PBXContainerItemProxy;
			containerPortal = 86F1389E218768C2004C6092 /* Project object */;
			proxyType = 1;
			remoteGlobalIDString = 86F138A5218768C2004C6092;
			remoteInfo = Tone;
		};
/* End PBXContainerItemProxy section */

/* Begin PBXCopyFilesBuildPhase section */
		86F138E721878804004C6092 /* Embed Frameworks */ = {
			isa = PBXCopyFilesBuildPhase;
			buildActionMask = 2147483647;
			dstPath = "";
			dstSubfolderSpec = 10;
			files = (
				86F138ED21878876004C6092 /* RxSwift.framework in Embed Frameworks */,
				86F138EB2187884F004C6092 /* RxCocoa.framework in Embed Frameworks */,
				86F138E621878804004C6092 /* RxAlamofire.framework in Embed Frameworks */,
				86D5C7442187897000D5E15E /* Alamofire.framework in Embed Frameworks */,
				86F138E921878823004C6092 /* RxBlocking.framework in Embed Frameworks */,
			);
			name = "Embed Frameworks";
			runOnlyForDeploymentPostprocessing = 0;
		};
/* End PBXCopyFilesBuildPhase section */

/* Begin PBXFileReference section */
		86D5C7452187898000D5E15E /* RxTest.framework */ = {isa = PBXFileReference; lastKnownFileType = wrapper.framework; name = RxTest.framework; path = Carthage/Build/iOS/RxTest.framework; sourceTree = "<group>"; };
		86F138A6218768C2004C6092 /* Tone.app */ = {isa = PBXFileReference; explicitFileType = wrapper.application; includeInIndex = 0; path = Tone.app; sourceTree = BUILT_PRODUCTS_DIR; };
		86F138A9218768C2004C6092 /* AppDelegate.swift */ = {isa = PBXFileReference; lastKnownFileType = sourcecode.swift; path = AppDelegate.swift; sourceTree = "<group>"; };
		86F138AB218768C2004C6092 /* ViewController.swift */ = {isa = PBXFileReference; lastKnownFileType = sourcecode.swift; path = ViewController.swift; sourceTree = "<group>"; };
		86F138AE218768C2004C6092 /* Base */ = {isa = PBXFileReference; lastKnownFileType = file.storyboard; name = Base; path = Base.lproj/Main.storyboard; sourceTree = "<group>"; };
		86F138B0218768C4004C6092 /* Assets.xcassets */ = {isa = PBXFileReference; lastKnownFileType = folder.assetcatalog; path = Assets.xcassets; sourceTree = "<group>"; };
		86F138B3218768C4004C6092 /* Base */ = {isa = PBXFileReference; lastKnownFileType = file.storyboard; name = Base; path = Base.lproj/LaunchScreen.storyboard; sourceTree = "<group>"; };
		86F138B5218768C4004C6092 /* Info.plist */ = {isa = PBXFileReference; lastKnownFileType = text.plist.xml; path = Info.plist; sourceTree = "<group>"; };
		86F138BA218768C4004C6092 /* ToneTests.xctest */ = {isa = PBXFileReference; explicitFileType = wrapper.cfbundle; includeInIndex = 0; path = ToneTests.xctest; sourceTree = BUILT_PRODUCTS_DIR; };
		86F138BE218768C4004C6092 /* ToneTests.swift */ = {isa = PBXFileReference; lastKnownFileType = sourcecode.swift; path = ToneTests.swift; sourceTree = "<group>"; };
		86F138C0218768C4004C6092 /* Info.plist */ = {isa = PBXFileReference; lastKnownFileType = text.plist.xml; path = Info.plist; sourceTree = "<group>"; };
		86F138C5218768C4004C6092 /* ToneUITests.xctest */ = {isa = PBXFileReference; explicitFileType = wrapper.cfbundle; includeInIndex = 0; path = ToneUITests.xctest; sourceTree = BUILT_PRODUCTS_DIR; };
		86F138C9218768C4004C6092 /* ToneUITests.swift */ = {isa = PBXFileReference; lastKnownFileType = sourcecode.swift; path = ToneUITests.swift; sourceTree = "<group>"; };
		86F138CB218768C4004C6092 /* Info.plist */ = {isa = PBXFileReference; lastKnownFileType = text.plist.xml; path = Info.plist; sourceTree = "<group>"; };
		86F138D821877F89004C6092 /* RxBlocking.framework */ = {isa = PBXFileReference; lastKnownFileType = wrapper.framework; name = RxBlocking.framework; path = Carthage/Build/iOS/RxBlocking.framework; sourceTree = "<group>"; };
		86F138D921877F89004C6092 /* RxCocoa.framework */ = {isa = PBXFileReference; lastKnownFileType = wrapper.framework; name = RxCocoa.framework; path = Carthage/Build/iOS/RxCocoa.framework; sourceTree = "<group>"; };
		86F138DA21877F89004C6092 /* RxSwift.framework */ = {isa = PBXFileReference; lastKnownFileType = wrapper.framework; name = RxSwift.framework; path = Carthage/Build/iOS/RxSwift.framework; sourceTree = "<group>"; };
		86F138DB21877F89004C6092 /* Alamofire.framework */ = {isa = PBXFileReference; lastKnownFileType = wrapper.framework; name = Alamofire.framework; path = Carthage/Build/iOS/Alamofire.framework; sourceTree = "<group>"; };
		86F138DC21877F89004C6092 /* RxAlamofire.framework */ = {isa = PBXFileReference; lastKnownFileType = wrapper.framework; name = RxAlamofire.framework; path = Carthage/Build/iOS/RxAlamofire.framework; sourceTree = "<group>"; };
		86F138DD21877F89004C6092 /* Carthage */ = {isa = PBXFileReference; lastKnownFileType = folder; path = Carthage; sourceTree = "<group>"; };
/* End PBXFileReference section */

/* Begin PBXFrameworksBuildPhase section */
		86F138A3218768C2004C6092 /* Frameworks */ = {
			isa = PBXFrameworksBuildPhase;
			buildActionMask = 2147483647;
			files = (
				8694A07D21878A1B00615BE3 /* Alamofire.framework in Frameworks */,
				86F138EC21878876004C6092 /* RxSwift.framework in Frameworks */,
				86F138DE21877F89004C6092 /* RxBlocking.framework in Frameworks */,
				86F138EA2187884F004C6092 /* RxCocoa.framework in Frameworks */,
				86F138E521878804004C6092 /* RxAlamofire.framework in Frameworks */,
			);
			runOnlyForDeploymentPostprocessing = 0;
		};
		86F138B7218768C4004C6092 /* Frameworks */ = {
			isa = PBXFrameworksBuildPhase;
			buildActionMask = 2147483647;
			files = (
			);
			runOnlyForDeploymentPostprocessing = 0;
		};
		86F138C2218768C4004C6092 /* Frameworks */ = {
			isa = PBXFrameworksBuildPhase;
			buildActionMask = 2147483647;
			files = (
			);
			runOnlyForDeploymentPostprocessing = 0;
		};
/* End PBXFrameworksBuildPhase section */

/* Begin PBXGroup section */
		86F1389D218768C2004C6092 = {
			isa = PBXGroup;
			children = (
				86F138A8218768C2004C6092 /* Tone */,
				86F138BD218768C4004C6092 /* ToneTests */,
				86F138C8218768C4004C6092 /* ToneUITests */,
				86F138A7218768C2004C6092 /* Products */,
				86F138D721877F89004C6092 /* Frameworks */,
			);
			sourceTree = "<group>";
		};
		86F138A7218768C2004C6092 /* Products */ = {
			isa = PBXGroup;
			children = (
				86F138A6218768C2004C6092 /* Tone.app */,
				86F138BA218768C4004C6092 /* ToneTests.xctest */,
				86F138C5218768C4004C6092 /* ToneUITests.xctest */,
			);
			name = Products;
			sourceTree = "<group>";
		};
		86F138A8218768C2004C6092 /* Tone */ = {
			isa = PBXGroup;
			children = (
				86F138A9218768C2004C6092 /* AppDelegate.swift */,
				86F138AB218768C2004C6092 /* ViewController.swift */,
				86F138AD218768C2004C6092 /* Main.storyboard */,
				86F138B0218768C4004C6092 /* Assets.xcassets */,
				86F138B2218768C4004C6092 /* LaunchScreen.storyboard */,
				86F138B5218768C4004C6092 /* Info.plist */,
			);
			path = Tone;
			sourceTree = "<group>";
		};
		86F138BD218768C4004C6092 /* ToneTests */ = {
			isa = PBXGroup;
			children = (
				86F138BE218768C4004C6092 /* ToneTests.swift */,
				86F138C0218768C4004C6092 /* Info.plist */,
			);
			path = ToneTests;
			sourceTree = "<group>";
		};
		86F138C8218768C4004C6092 /* ToneUITests */ = {
			isa = PBXGroup;
			children = (
				86F138C9218768C4004C6092 /* ToneUITests.swift */,
				86F138CB218768C4004C6092 /* Info.plist */,
			);
			path = ToneUITests;
			sourceTree = "<group>";
		};
		86F138D721877F89004C6092 /* Frameworks */ = {
			isa = PBXGroup;
			children = (
				86D5C7452187898000D5E15E /* RxTest.framework */,
				86F138DB21877F89004C6092 /* Alamofire.framework */,
				86F138DD21877F89004C6092 /* Carthage */,
				86F138DC21877F89004C6092 /* RxAlamofire.framework */,
				86F138D821877F89004C6092 /* RxBlocking.framework */,
				86F138D921877F89004C6092 /* RxCocoa.framework */,
				86F138DA21877F89004C6092 /* RxSwift.framework */,
			);
			name = Frameworks;
			sourceTree = "<group>";
		};
/* End PBXGroup section */

/* Begin PBXNativeTarget section */
		86F138A5218768C2004C6092 /* Tone */ = {
			isa = PBXNativeTarget;
			buildConfigurationList = 86F138CE218768C4004C6092 /* Build configuration list for PBXNativeTarget "Tone" */;
			buildPhases = (
				86F138A2218768C2004C6092 /* Sources */,
				86F138A3218768C2004C6092 /* Frameworks */,
				86F138A4218768C2004C6092 /* Resources */,
				86F138E721878804004C6092 /* Embed Frameworks */,
			);
			buildRules = (
			);
			dependencies = (
			);
			name = Tone;
			productName = Tone;
			productReference = 86F138A6218768C2004C6092 /* Tone.app */;
			productType = "com.apple.product-type.application";
		};
		86F138B9218768C4004C6092 /* ToneTests */ = {
			isa = PBXNativeTarget;
			buildConfigurationList = 86F138D1218768C4004C6092 /* Build configuration list for PBXNativeTarget "ToneTests" */;
			buildPhases = (
				86F138B6218768C4004C6092 /* Sources */,
				86F138B7218768C4004C6092 /* Frameworks */,
				86F138B8218768C4004C6092 /* Resources */,
			);
			buildRules = (
			);
			dependencies = (
				86F138BC218768C4004C6092 /* PBXTargetDependency */,
			);
			name = ToneTests;
			productName = ToneTests;
			productReference = 86F138BA218768C4004C6092 /* ToneTests.xctest */;
			productType = "com.apple.product-type.bundle.unit-test";
		};
		86F138C4218768C4004C6092 /* ToneUITests */ = {
			isa = PBXNativeTarget;
			buildConfigurationList = 86F138D4218768C4004C6092 /* Build configuration list for PBXNativeTarget "ToneUITests" */;
			buildPhases = (
				86F138C1218768C4004C6092 /* Sources */,
				86F138C2218768C4004C6092 /* Frameworks */,
				86F138C3218768C4004C6092 /* Resources */,
			);
			buildRules = (
			);
			dependencies = (
				86F138C7218768C4004C6092 /* PBXTargetDependency */,
			);
			name = ToneUITests;
			productName = ToneUITests;
			productReference = 86F138C5218768C4004C6092 /* ToneUITests.xctest */;
			productType = "com.apple.product-type.bundle.ui-testing";
		};
/* End PBXNativeTarget section */

/* Begin PBXProject section */
		86F1389E218768C2004C6092 /* Project object */ = {
			isa = PBXProject;
			attributes = {
				LastSwiftUpdateCheck = 1000;
				LastUpgradeCheck = 1000;
				ORGANIZATIONNAME = "Doug MacEwen";
				TargetAttributes = {
					86F138A5218768C2004C6092 = {
						CreatedOnToolsVersion = 10.0;
					};
					86F138B9218768C4004C6092 = {
						CreatedOnToolsVersion = 10.0;
						TestTargetID = 86F138A5218768C2004C6092;
					};
					86F138C4218768C4004C6092 = {
						CreatedOnToolsVersion = 10.0;
						TestTargetID = 86F138A5218768C2004C6092;
					};
				};
			};
			buildConfigurationList = 86F138A1218768C2004C6092 /* Build configuration list for PBXProject "Tone" */;
			compatibilityVersion = "Xcode 9.3";
			developmentRegion = en;
			hasScannedForEncodings = 0;
			knownRegions = (
				en,
				Base,
			);
			mainGroup = 86F1389D218768C2004C6092;
			productRefGroup = 86F138A7218768C2004C6092 /* Products */;
			projectDirPath = "";
			projectRoot = "";
			targets = (
				86F138A5218768C2004C6092 /* Tone */,
				86F138B9218768C4004C6092 /* ToneTests */,
				86F138C4218768C4004C6092 /* ToneUITests */,
			);
		};
/* End PBXProject section */

/* Begin PBXResourcesBuildPhase section */
		86F138A4218768C2004C6092 /* Resources */ = {
			isa = PBXResourcesBuildPhase;
			buildActionMask = 2147483647;
			files = (
				86F138B4218768C4004C6092 /* LaunchScreen.storyboard in Resources */,
				86F138B1218768C4004C6092 /* Assets.xcassets in Resources */,
				86F138AF218768C2004C6092 /* Main.storyboard in Resources */,
			);
			runOnlyForDeploymentPostprocessing = 0;
		};
		86F138B8218768C4004C6092 /* Resources */ = {
			isa = PBXResourcesBuildPhase;
			buildActionMask = 2147483647;
			files = (
			);
			runOnlyForDeploymentPostprocessing = 0;
		};
		86F138C3218768C4004C6092 /* Resources */ = {
			isa = PBXResourcesBuildPhase;
			buildActionMask = 2147483647;
			files = (
			);
			runOnlyForDeploymentPostprocessing = 0;
		};
/* End PBXResourcesBuildPhase section */

/* Begin PBXSourcesBuildPhase section */
		86F138A2218768C2004C6092 /* Sources */ = {
			isa = PBXSourcesBuildPhase;
			buildActionMask = 2147483647;
			files = (
				86F138AC218768C2004C6092 /* ViewController.swift in Sources */,
				86F138AA218768C2004C6092 /* AppDelegate.swift in Sources */,
			);
			runOnlyForDeploymentPostprocessing = 0;
		};
		86F138B6218768C4004C6092 /* Sources */ = {
			isa = PBXSourcesBuildPhase;
			buildActionMask = 2147483647;
			files = (
				86F138BF218768C4004C6092 /* ToneTests.swift in Sources */,
			);
			runOnlyForDeploymentPostprocessing = 0;
		};
		86F138C1218768C4004C6092 /* Sources */ = {
			isa = PBXSourcesBuildPhase;
			buildActionMask = 2147483647;
			files = (
				86F138CA218768C4004C6092 /* ToneUITests.swift in Sources */,
			);
			runOnlyForDeploymentPostprocessing = 0;
		};
/* End PBXSourcesBuildPhase section */

/* Begin PBXTargetDependency section */
		86F138BC218768C4004C6092 /* PBXTargetDependency */ = {
			isa = PBXTargetDependency;
			target = 86F138A5218768C2004C6092 /* Tone */;
			targetProxy = 86F138BB218768C4004C6092 /* PBXContainerItemProxy */;
		};
		86F138C7218768C4004C6092 /* PBXTargetDependency */ = {
			isa = PBXTargetDependency;
			target = 86F138A5218768C2004C6092 /* Tone */;
			targetProxy = 86F138C6218768C4004C6092 /* PBXContainerItemProxy */;
		};
/* End PBXTargetDependency section */

/* Begin PBXVariantGroup section */
		86F138AD218768C2004C6092 /* Main.storyboard */ = {
			isa = PBXVariantGroup;
			children = (
				86F138AE218768C2004C6092 /* Base */,
			);
			name = Main.storyboard;
			sourceTree = "<group>";
		};
		86F138B2218768C4004C6092 /* LaunchScreen.storyboard */ = {
			isa = PBXVariantGroup;
			children = (
				86F138B3218768C4004C6092 /* Base */,
			);
			name = LaunchScreen.storyboard;
			sourceTree = "<group>";
		};
/* End PBXVariantGroup section */

/* Begin XCBuildConfiguration section */
		86F138CC218768C4004C6092 /* Debug */ = {
			isa = XCBuildConfiguration;
			buildSettings = {
				ALWAYS_SEARCH_USER_PATHS = NO;
				CLANG_ANALYZER_NONNULL = YES;
				CLANG_ANALYZER_NUMBER_OBJECT_CONVERSION = YES_AGGRESSIVE;
				CLANG_CXX_LANGUAGE_STANDARD = "gnu++14";
				CLANG_CXX_LIBRARY = "libc++";
				CLANG_ENABLE_MODULES = YES;
				CLANG_ENABLE_OBJC_ARC = YES;
				CLANG_ENABLE_OBJC_WEAK = YES;
				CLANG_WARN_BLOCK_CAPTURE_AUTORELEASING = YES;
				CLANG_WARN_BOOL_CONVERSION = YES;
				CLANG_WARN_COMMA = YES;
				CLANG_WARN_CONSTANT_CONVERSION = YES;
				CLANG_WARN_DEPRECATED_OBJC_IMPLEMENTATIONS = YES;
				CLANG_WARN_DIRECT_OBJC_ISA_USAGE = YES_ERROR;
				CLANG_WARN_DOCUMENTATION_COMMENTS = YES;
				CLANG_WARN_EMPTY_BODY = YES;
				CLANG_WARN_ENUM_CONVERSION = YES;
				CLANG_WARN_INFINITE_RECURSION = YES;
				CLANG_WARN_INT_CONVERSION = YES;
				CLANG_WARN_NON_LITERAL_NULL_CONVERSION = YES;
				CLANG_WARN_OBJC_IMPLICIT_RETAIN_SELF = YES;
				CLANG_WARN_OBJC_LITERAL_CONVERSION = YES;
				CLANG_WARN_OBJC_ROOT_CLASS = YES_ERROR;
				CLANG_WARN_RANGE_LOOP_ANALYSIS = YES;
				CLANG_WARN_STRICT_PROTOTYPES = YES;
				CLANG_WARN_SUSPICIOUS_MOVE = YES;
				CLANG_WARN_UNGUARDED_AVAILABILITY = YES_AGGRESSIVE;
				CLANG_WARN_UNREACHABLE_CODE = YES;
				CLANG_WARN__DUPLICATE_METHOD_MATCH = YES;
				CODE_SIGN_IDENTITY = "iPhone Developer";
				COPY_PHASE_STRIP = NO;
				DEBUG_INFORMATION_FORMAT = dwarf;
				ENABLE_STRICT_OBJC_MSGSEND = YES;
				ENABLE_TESTABILITY = YES;
				GCC_C_LANGUAGE_STANDARD = gnu11;
				GCC_DYNAMIC_NO_PIC = NO;
				GCC_NO_COMMON_BLOCKS = YES;
				GCC_OPTIMIZATION_LEVEL = 0;
				GCC_PREPROCESSOR_DEFINITIONS = (
					"DEBUG=1",
					"$(inherited)",
				);
				GCC_WARN_64_TO_32_BIT_CONVERSION = YES;
				GCC_WARN_ABOUT_RETURN_TYPE = YES_ERROR;
				GCC_WARN_UNDECLARED_SELECTOR = YES;
				GCC_WARN_UNINITIALIZED_AUTOS = YES_AGGRESSIVE;
				GCC_WARN_UNUSED_FUNCTION = YES;
				GCC_WARN_UNUSED_VARIABLE = YES;
				IPHONEOS_DEPLOYMENT_TARGET = 12.0;
				MTL_ENABLE_DEBUG_INFO = INCLUDE_SOURCE;
				MTL_FAST_MATH = YES;
				ONLY_ACTIVE_ARCH = YES;
				SDKROOT = iphoneos;
				SWIFT_ACTIVE_COMPILATION_CONDITIONS = DEBUG;
				SWIFT_OPTIMIZATION_LEVEL = "-Onone";
			};
			name = Debug;
		};
		86F138CD218768C4004C6092 /* Release */ = {
			isa = XCBuildConfiguration;
			buildSettings = {
				ALWAYS_SEARCH_USER_PATHS = NO;
				CLANG_ANALYZER_NONNULL = YES;
				CLANG_ANALYZER_NUMBER_OBJECT_CONVERSION = YES_AGGRESSIVE;
				CLANG_CXX_LANGUAGE_STANDARD = "gnu++14";
				CLANG_CXX_LIBRARY = "libc++";
				CLANG_ENABLE_MODULES = YES;
				CLANG_ENABLE_OBJC_ARC = YES;
				CLANG_ENABLE_OBJC_WEAK = YES;
				CLANG_WARN_BLOCK_CAPTURE_AUTORELEASING = YES;
				CLANG_WARN_BOOL_CONVERSION = YES;
				CLANG_WARN_COMMA = YES;
				CLANG_WARN_CONSTANT_CONVERSION = YES;
				CLANG_WARN_DEPRECATED_OBJC_IMPLEMENTATIONS = YES;
				CLANG_WARN_DIRECT_OBJC_ISA_USAGE = YES_ERROR;
				CLANG_WARN_DOCUMENTATION_COMMENTS = YES;
				CLANG_WARN_EMPTY_BODY = YES;
				CLANG_WARN_ENUM_CONVERSION = YES;
				CLANG_WARN_INFINITE_RECURSION = YES;
				CLANG_WARN_INT_CONVERSION = YES;
				CLANG_WARN_NON_LITERAL_NULL_CONVERSION = YES;
				CLANG_WARN_OBJC_IMPLICIT_RETAIN_SELF = YES;
				CLANG_WARN_OBJC_LITERAL_CONVERSION = YES;
				CLANG_WARN_OBJC_ROOT_CLASS = YES_ERROR;
				CLANG_WARN_RANGE_LOOP_ANALYSIS = YES;
				CLANG_WARN_STRICT_PROTOTYPES = YES;
				CLANG_WARN_SUSPICIOUS_MOVE = YES;
				CLANG_WARN_UNGUARDED_AVAILABILITY = YES_AGGRESSIVE;
				CLANG_WARN_UNREACHABLE_CODE = YES;
				CLANG_WARN__DUPLICATE_METHOD_MATCH = YES;
				CODE_SIGN_IDENTITY = "iPhone Developer";
				COPY_PHASE_STRIP = NO;
				DEBUG_INFORMATION_FORMAT = "dwarf-with-dsym";
				ENABLE_NS_ASSERTIONS = NO;
				ENABLE_STRICT_OBJC_MSGSEND = YES;
				GCC_C_LANGUAGE_STANDARD = gnu11;
				GCC_NO_COMMON_BLOCKS = YES;
				GCC_WARN_64_TO_32_BIT_CONVERSION = YES;
				GCC_WARN_ABOUT_RETURN_TYPE = YES_ERROR;
				GCC_WARN_UNDECLARED_SELECTOR = YES;
				GCC_WARN_UNINITIALIZED_AUTOS = YES_AGGRESSIVE;
				GCC_WARN_UNUSED_FUNCTION = YES;
				GCC_WARN_UNUSED_VARIABLE = YES;
				IPHONEOS_DEPLOYMENT_TARGET = 12.0;
				MTL_ENABLE_DEBUG_INFO = NO;
				MTL_FAST_MATH = YES;
				SDKROOT = iphoneos;
				SWIFT_COMPILATION_MODE = wholemodule;
				SWIFT_OPTIMIZATION_LEVEL = "-O";
				VALIDATE_PRODUCT = YES;
			};
			name = Release;
		};
		86F138CF218768C4004C6092 /* Debug */ = {
			isa = XCBuildConfiguration;
			buildSettings = {
				ASSETCATALOG_COMPILER_APPICON_NAME = AppIcon;
				CODE_SIGN_STYLE = Automatic;
				DEVELOPMENT_TEAM = XRK7V5X2D8;
				FRAMEWORK_SEARCH_PATHS = (
					"$(inherited)",
					"$(PROJECT_DIR)/Carthage/Build/iOS",
				);
				INFOPLIST_FILE = Tone/Info.plist;
				LD_RUNPATH_SEARCH_PATHS = (
					"$(inherited)",
					"@executable_path/Frameworks",
				);
				PRODUCT_BUNDLE_IDENTIFIER = "Tone-Cosmetics.Tone";
				PRODUCT_NAME = "$(TARGET_NAME)";
				SWIFT_VERSION = 4.2;
				TARGETED_DEVICE_FAMILY = "1,2";
			};
			name = Debug;
		};
		86F138D0218768C4004C6092 /* Release */ = {
			isa = XCBuildConfiguration;
			buildSettings = {
				ASSETCATALOG_COMPILER_APPICON_NAME = AppIcon;
				CODE_SIGN_STYLE = Automatic;
				DEVELOPMENT_TEAM = XRK7V5X2D8;
				FRAMEWORK_SEARCH_PATHS = (
					"$(inherited)",
					"$(PROJECT_DIR)/Carthage/Build/iOS",
				);
				INFOPLIST_FILE = Tone/Info.plist;
				LD_RUNPATH_SEARCH_PATHS = (
					"$(inherited)",
					"@executable_path/Frameworks",
				);
				PRODUCT_BUNDLE_IDENTIFIER = "Tone-Cosmetics.Tone";
				PRODUCT_NAME = "$(TARGET_NAME)";
				SWIFT_VERSION = 4.2;
				TARGETED_DEVICE_FAMILY = "1,2";
			};
			name = Release;
		};
		86F138D2218768C4004C6092 /* Debug */ = {
			isa = XCBuildConfiguration;
			buildSettings = {
				ALWAYS_EMBED_SWIFT_STANDARD_LIBRARIES = YES;
				BUNDLE_LOADER = "$(TEST_HOST)";
				CODE_SIGN_STYLE = Automatic;
				DEVELOPMENT_TEAM = XRK7V5X2D8;
				INFOPLIST_FILE = ToneTests/Info.plist;
				LD_RUNPATH_SEARCH_PATHS = (
					"$(inherited)",
					"@executable_path/Frameworks",
					"@loader_path/Frameworks",
				);
				PRODUCT_BUNDLE_IDENTIFIER = "Tone-Cosmetics.ToneTests";
				PRODUCT_NAME = "$(TARGET_NAME)";
				SWIFT_VERSION = 4.2;
				TARGETED_DEVICE_FAMILY = "1,2";
				TEST_HOST = "$(BUILT_PRODUCTS_DIR)/Tone.app/Tone";
			};
			name = Debug;
		};
		86F138D3218768C4004C6092 /* Release */ = {
			isa = XCBuildConfiguration;
			buildSettings = {
				ALWAYS_EMBED_SWIFT_STANDARD_LIBRARIES = YES;
				BUNDLE_LOADER = "$(TEST_HOST)";
				CODE_SIGN_STYLE = Automatic;
				DEVELOPMENT_TEAM = XRK7V5X2D8;
				INFOPLIST_FILE = ToneTests/Info.plist;
				LD_RUNPATH_SEARCH_PATHS = (
					"$(inherited)",
					"@executable_path/Frameworks",
					"@loader_path/Frameworks",
				);
				PRODUCT_BUNDLE_IDENTIFIER = "Tone-Cosmetics.ToneTests";
				PRODUCT_NAME = "$(TARGET_NAME)";
				SWIFT_VERSION = 4.2;
				TARGETED_DEVICE_FAMILY = "1,2";
				TEST_HOST = "$(BUILT_PRODUCTS_DIR)/Tone.app/Tone";
			};
			name = Release;
		};
		86F138D5218768C4004C6092 /* Debug */ = {
			isa = XCBuildConfiguration;
			buildSettings = {
				ALWAYS_EMBED_SWIFT_STANDARD_LIBRARIES = YES;
				CODE_SIGN_STYLE = Automatic;
				DEVELOPMENT_TEAM = XRK7V5X2D8;
				INFOPLIST_FILE = ToneUITests/Info.plist;
				LD_RUNPATH_SEARCH_PATHS = (
					"$(inherited)",
					"@executable_path/Frameworks",
					"@loader_path/Frameworks",
				);
				PRODUCT_BUNDLE_IDENTIFIER = "Tone-Cosmetics.ToneUITests";
				PRODUCT_NAME = "$(TARGET_NAME)";
				SWIFT_VERSION = 4.2;
				TARGETED_DEVICE_FAMILY = "1,2";
				TEST_TARGET_NAME = Tone;
			};
			name = Debug;
		};
		86F138D6218768C4004C6092 /* Release */ = {
			isa = XCBuildConfiguration;
			buildSettings = {
				ALWAYS_EMBED_SWIFT_STANDARD_LIBRARIES = YES;
				CODE_SIGN_STYLE = Automatic;
				DEVELOPMENT_TEAM = XRK7V5X2D8;
				INFOPLIST_FILE = ToneUITests/Info.plist;
				LD_RUNPATH_SEARCH_PATHS = (
					"$(inherited)",
					"@executable_path/Frameworks",
					"@loader_path/Frameworks",
				);
				PRODUCT_BUNDLE_IDENTIFIER = "Tone-Cosmetics.ToneUITests";
				PRODUCT_NAME = "$(TARGET_NAME)";
				SWIFT_VERSION = 4.2;
				TARGETED_DEVICE_FAMILY = "1,2";
				TEST_TARGET_NAME = Tone;
			};
			name = Release;
		};
/* End XCBuildConfiguration section */

/* Begin XCConfigurationList section */
		86F138A1218768C2004C6092 /* Build configuration list for PBXProject "Tone" */ = {
			isa = XCConfigurationList;
			buildConfigurations = (
				86F138CC218768C4004C6092 /* Debug */,
				86F138CD218768C4004C6092 /* Release */,
			);
			defaultConfigurationIsVisible = 0;
			defaultConfigurationName = Release;
		};
		86F138CE218768C4004C6092 /* Build configuration list for PBXNativeTarget "Tone" */ = {
			isa = XCConfigurationList;
			buildConfigurations = (
				86F138CF218768C4004C6092 /* Debug */,
				86F138D0218768C4004C6092 /* Release */,
			);
			defaultConfigurationIsVisible = 0;
			defaultConfigurationName = Release;
		};
		86F138D1218768C4004C6092 /* Build configuration list for PBXNativeTarget "ToneTests" */ = {
			isa = XCConfigurationList;
			buildConfigurations = (
				86F138D2218768C4004C6092 /* Debug */,
				86F138D3218768C4004C6092 /* Release */,
			);
			defaultConfigurationIsVisible = 0;
			defaultConfigurationName = Release;
		};
		86F138D4218768C4004C6092 /* Build configuration list for PBXNativeTarget "ToneUITests" */ = {
			isa = XCConfigurationList;
			buildConfigurations = (
				86F138D5218768C4004C6092 /* Debug */,
				86F138D6218768C4004C6092 /* Release */,
			);
			defaultConfigurationIsVisible = 0;
			defaultConfigurationName = Release;
		};
/* End XCConfigurationList section */
	};
	rootObject = 86F1389E218768C2004C6092 /* Project object */;
}
